
Microsoft Visual Studio Solution File, Format Version 12.00
# Visual Studio Version 17
VisualStudioVersion = 17.3.32825.248
MinimumVisualStudioVersion = 10.0.40219.1
Project("{FAE04EC0-301F-11D3-BF4B-00C04F79EFBC}") = "IskolaGUI", "IskolaGUI\IskolaGUI.csproj", "{752370EF-0A26-45FC-9785-710602226D38}"
EndProject
Global
	GlobalSection(SolutionConfigurationPlatforms) = preSolution
		Debug|Any CPU = Debug|Any CPU
		Release|Any CPU = Release|Any CPU
	EndGlobalSection
	GlobalSection(ProjectConfigurationPlatforms) = postSolution
		{752370EF-0A26-45FC-9785-710602226D38}.Debug|Any CPU.ActiveCfg = Debug|Any CPU
		{752370EF-0A26-45FC-9785-710602226D38}.Debug|Any CPU.Build.0 = Debug|Any CPU
		{752370EF-0A26-45FC-9785-710602226D38}.Release|Any CPU.ActiveCfg = Release|Any CPU
		{752370EF-0A26-45FC-9785-710602226D38}.Release|Any CPU.Build.0 = Release|Any CPU
	EndGlobalSection
	GlobalSection(SolutionProperties) = preSolution
		HideSolutionNode = FALSE
	EndGlobalSection
	GlobalSection(ExtensibilityGlobals) = postSolution
		SolutionGuid = {6D2EB562-F1CD-4623-90AF-CED9DD735257}
	EndGlobalSection
EndGlobal
